# THIS IS AN AUTOGENERATED FILE. DO NOT EDIT THIS FILE DIRECTLY.
# yarn lockfile v1


"@babel/runtime@^7.0.0", "@babel/runtime@^7.12.0", "@babel/runtime@^7.3.1":
  version "7.16.3"
  resolved "https://registry.yarnpkg.com/@babel/runtime/-/runtime-7.16.3.tgz#b86f0db02a04187a3c17caa77de69840165d42d5"
  integrity sha512-WBwekcqacdY2e9AF/Q7WLFUWmdJGJTkbjqTjoMDgXkVZ3ZRUvOPsLb5KdwISoQVsbP+DQzVZW4Zhci0DvpbNTQ==
  dependencies:
    regenerator-runtime "^0.13.4"

"@deck.gl/core@^8.1.1":
  version "8.6.4"
  resolved "https://registry.yarnpkg.com/@deck.gl/core/-/core-8.6.4.tgz#9d65c1979b9218ebdc8fbf91c3199031207f50d3"
  integrity sha512-veSW3VSOsm+mYzWIoqn6GZlRzADy2uX2xX4vOGZ06dCdSTrF6LqcyINsEftcqbpznME0ugpsTVIXj3P15LESQA==
  dependencies:
    "@loaders.gl/core" "^3.0.8"
    "@loaders.gl/images" "^3.0.8"
    "@luma.gl/core" "^8.5.10"
    "@math.gl/web-mercator" "^3.5.4"
    gl-matrix "^3.0.0"
    math.gl "^3.5.4"
    mjolnir.js "^2.5.0"
    probe.gl "^3.4.0"

"@deck.gl/layers@^8.1.1":
  version "8.6.4"
  resolved "https://registry.yarnpkg.com/@deck.gl/layers/-/layers-8.6.4.tgz#a18e71f20dc8e414f2b498eedb00e24c9b061f87"
  integrity sha512-G2L9r6O3NsmiIidFrqU5YUBZWnwnfOf5GVqBw6KOj9+b0HTPNLJ6xuswzGnjmf4fILgknOXtLm6IrLjLNoCCDw==
  dependencies:
    "@loaders.gl/images" "^3.0.8"
    "@mapbox/tiny-sdf" "^1.1.0"
    "@math.gl/polygon" "^3.5.4"
    earcut "^2.0.6"

"@deck.gl/mesh-layers@^8.1.1":
  version "8.6.4"
  resolved "https://registry.yarnpkg.com/@deck.gl/mesh-layers/-/mesh-layers-8.6.4.tgz#b30a25e74720b20de0f20845f368592305824c85"
  integrity sha512-WoJZR02PF5Ypd3X2c7vaF3rMHWcBVxdcnQ+SDFunebd+n+5H8zKJqxm0F+KMhSN7OhOW/K6NeT5ieMcDKkxniQ==
  dependencies:
    "@loaders.gl/gltf" "^3.0.8"
    "@luma.gl/experimental" "^8.5.10"
    "@luma.gl/shadertools" "^8.5.10"

"@deck.gl/react@^8.1.1":
  version "8.6.4"
  resolved "https://registry.yarnpkg.com/@deck.gl/react/-/react-8.6.4.tgz#197e3b5ba38df7e62d150e60000a516ec12fb681"
  integrity sha512-k1S5Cpv5DdZyNa9miwbThyZJATAXTt9Ism6w1bGRa2LsgjUXUCmNhlCEdqPhYrRYYltg8x35WV8xa0UrafUqvA==
  dependencies:
    prop-types "^15.6.0"

"@loaders.gl/core@3.0.13", "@loaders.gl/core@^3.0.8":
  version "3.0.13"
  resolved "https://registry.yarnpkg.com/@loaders.gl/core/-/core-3.0.13.tgz#95ae41beb9de17e029156345ef802bea56e9126a"
  integrity sha512-Bi+VeITyRJtQLLx9YARpb4JzFkhXmKDiS2JVxdg5mn4i1QrzrLM0hPbtb4H6sNJ9S0WhFe3ikrXenGo/DL/aNw==
  dependencies:
    "@babel/runtime" "^7.3.1"
    "@loaders.gl/loader-utils" "3.0.13"
    "@loaders.gl/worker-utils" "3.0.13"
    probe.gl "^3.4.0"

"@loaders.gl/draco@3.0.13":
  version "3.0.13"
  resolved "https://registry.yarnpkg.com/@loaders.gl/draco/-/draco-3.0.13.tgz#41397a6ef1f927607a9304c9b58da3fc5e8880ac"
  integrity sha512-M9RCQHtqpAB1PK3HvXR2LJqBVhIdbndUie3lrWMGP4NFDGnDnDlTk7Kk/QEbgpidafdEbUiJEU/4/uEzYFA4Kw==
  dependencies:
    "@babel/runtime" "^7.3.1"
    "@loaders.gl/loader-utils" "3.0.13"
    "@loaders.gl/schema" "3.0.13"
    "@loaders.gl/worker-utils" "3.0.13"
    draco3d "1.4.1"

"@loaders.gl/gltf@^3.0.8":
  version "3.0.13"
  resolved "https://registry.yarnpkg.com/@loaders.gl/gltf/-/gltf-3.0.13.tgz#5521b043f2465743fa393eba87ddd655f3778cb4"
  integrity sha512-QRzHFNxyz/f0QuyCvtreuOYr4cxfQvr141UWHQDPbgYgQpZlXa/JSP2/lTbXpaxd5LNLwHyNbDvpqv9u4bUwlw==
  dependencies:
    "@loaders.gl/core" "3.0.13"
    "@loaders.gl/draco" "3.0.13"
    "@loaders.gl/images" "3.0.13"
    "@loaders.gl/loader-utils" "3.0.13"

"@loaders.gl/images@3.0.13", "@loaders.gl/images@^3.0.8":
  version "3.0.13"
  resolved "https://registry.yarnpkg.com/@loaders.gl/images/-/images-3.0.13.tgz#2bdafbf60758a46b8c7f157e43c568a02114b66b"
  integrity sha512-w4I80tUoVg7Df3OWnxbjZWgGEpf1pLqbxGC8j8lhB3na8n5CnEllt6iN94dnwawDlfDX9wTHXNNaCTIguYsv0Q==
  dependencies:
    "@loaders.gl/loader-utils" "3.0.13"

"@loaders.gl/loader-utils@3.0.13":
  version "3.0.13"
  resolved "https://registry.yarnpkg.com/@loaders.gl/loader-utils/-/loader-utils-3.0.13.tgz#d6970a00ddea775e9e80d3617bbd4ad2ef12a1b8"
  integrity sha512-tVDmytWaO1XHBV9F5UEQd55vAdnVDZhK2nUKY5oBfDlo1mG5PhXWOj2Za+yV4btMC86PWXYhLiUUgy+9vABPOw==
  dependencies:
    "@babel/runtime" "^7.3.1"
    "@loaders.gl/worker-utils" "3.0.13"
    "@probe.gl/stats" "^3.4.0"

"@loaders.gl/schema@3.0.13":
  version "3.0.13"
  resolved "https://registry.yarnpkg.com/@loaders.gl/schema/-/schema-3.0.13.tgz#10a9d5b0b76bade1b7a68f0729795ef6a1726186"
  integrity sha512-w6jPTnaSE/d5EfIKSVNRGFxUb56EiJrbKBUbZ6OgRkBlDlmSbLvRoaH/Jz5TT8ewK7DF6pumMqTXJ/0n0SZ5Pw==
  dependencies:
    "@types/geojson" "^7946.0.7"
    apache-arrow "^4.0.0"
    d3-dsv "^1.2.0"

"@loaders.gl/worker-utils@3.0.13":
  version "3.0.13"
  resolved "https://registry.yarnpkg.com/@loaders.gl/worker-utils/-/worker-utils-3.0.13.tgz#861f6ec62a617fb8eacd36f98c9f70b87782ef28"
  integrity sha512-QB4jZumKGsouJprPzNKnKXTXMLf89afBwmi4Rnnw4SVj49olPiAGh4FZjf00GHFHKZlvAj8LB5rfqwd+Te6IVA==
  dependencies:
    "@babel/runtime" "^7.3.1"

"@luma.gl/constants@8.5.10", "@luma.gl/constants@^8.1.0":
  version "8.5.10"
  resolved "https://registry.yarnpkg.com/@luma.gl/constants/-/constants-8.5.10.tgz#dd8b5ed786e372582a1a28e79c20481e363b4b50"
  integrity sha512-0OZnNbb8hF+ogr/Exr5KFEnSMQdCgjrbO2ZYeNIGO0UVMTu4oTSLfRcBxKUs1NzxG5RogyV8dL6ETQbkP5VAZw==

"@luma.gl/core@^8.1.0", "@luma.gl/core@^8.5.10":
  version "8.5.10"
  resolved "https://registry.yarnpkg.com/@luma.gl/core/-/core-8.5.10.tgz#a4fdb8656e249b72b84addb0a9412ab91a65fc15"
  integrity sha512-NzzMnSgzPta3gMu8vSM/kWiY09HypHRXt4zw/xFX4geLeX4iXm7Jnm+eeaNpc/QH/yJ51+4bpvZml0P5NIukfQ==
  dependencies:
    "@babel/runtime" "^7.0.0"
    "@luma.gl/constants" "8.5.10"
    "@luma.gl/engine" "8.5.10"
    "@luma.gl/gltools" "8.5.10"
    "@luma.gl/shadertools" "8.5.10"
    "@luma.gl/webgl" "8.5.10"

"@luma.gl/engine@8.5.10":
  version "8.5.10"
  resolved "https://registry.yarnpkg.com/@luma.gl/engine/-/engine-8.5.10.tgz#4e8cdd8ffb0bd5e13e4e521f4e0b05c21a9805a6"
  integrity sha512-W3cPlabMl1g6dfAio4yGD9GohoMULXqsBm9P9WOh0KypQBw5pFlE2C/njY43YhfvnpMPDMUjjraYrEXa1fhaig==
  dependencies:
    "@babel/runtime" "^7.0.0"
    "@luma.gl/constants" "8.5.10"
    "@luma.gl/gltools" "8.5.10"
    "@luma.gl/shadertools" "8.5.10"
    "@luma.gl/webgl" "8.5.10"
    "@math.gl/core" "^3.5.0"
    probe.gl "^3.4.0"

"@luma.gl/experimental@^8.5.10":
  version "8.5.10"
  resolved "https://registry.yarnpkg.com/@luma.gl/experimental/-/experimental-8.5.10.tgz#103a2873e9a390a272480d22685b98875d615cab"
  integrity sha512-1Ldq2DEor9qWHoRetcAz4BID1pwp+5x67F2mfe2UtjEpDY0Modi7t8C94PR8cviyjRIu3DErxX7o8HxJ4JXxpQ==
  dependencies:
    "@luma.gl/constants" "8.5.10"
    "@math.gl/core" "^3.5.0"
    earcut "^2.0.6"

"@luma.gl/gltools@8.5.10":
  version "8.5.10"
  resolved "https://registry.yarnpkg.com/@luma.gl/gltools/-/gltools-8.5.10.tgz#be47f64f215d97e8d5896ab14060078bd04fd12e"
  integrity sha512-XQFocLXvSYfkW2xL1I50nYrPwgyt1jvmzmood3RQBQMiBcgU1JFW2w4tU+V/C5QXcAWWVzm8aIBkuQsCo34zrQ==
  dependencies:
    "@babel/runtime" "^7.0.0"
    "@luma.gl/constants" "8.5.10"
    probe.gl "^3.4.0"

"@luma.gl/shadertools@8.5.10", "@luma.gl/shadertools@^8.5.10":
  version "8.5.10"
  resolved "https://registry.yarnpkg.com/@luma.gl/shadertools/-/shadertools-8.5.10.tgz#37a22f99298f917a2bddf4452f04eaec7066bf27"
  integrity sha512-Va/e7fHFI7ZWu03obtNlXN7noIUF1u9U3Pm6PVqeVi3Z24yWl/pFbb5/O1gn66LQZF6fpwoLGN7m4NGk2YyHyA==
  dependencies:
    "@babel/runtime" "^7.0.0"
    "@math.gl/core" "^3.5.0"

"@luma.gl/webgl@8.5.10":
  version "8.5.10"
  resolved "https://registry.yarnpkg.com/@luma.gl/webgl/-/webgl-8.5.10.tgz#8e39137978692c5695a2138a403837ad51a780a2"
  integrity sha512-8cCJ6aoKmVKvrYoPC6G1jHqMsfTGyn50YMmRkrk2Q79nBe531LZr+6EYXlqx2+AR9obKwTnhTPlxjKg5gR4rYg==
  dependencies:
    "@babel/runtime" "^7.0.0"
    "@luma.gl/constants" "8.5.10"
    "@luma.gl/gltools" "8.5.10"
    probe.gl "^3.4.0"

"@mapbox/geo-viewport@^0.4.0":
  version "0.4.1"
  resolved "https://registry.yarnpkg.com/@mapbox/geo-viewport/-/geo-viewport-0.4.1.tgz#a184c0b161975858a2e855a1e333e66af342964b"
  integrity sha512-5g6eM3EOSl7+0p0VY+vHWEYjUlNzof936VKHTi/NuJVABjbYe8D2NAVJ0qt5C9Np4glUlhKFepgAgQ0OEybrjQ==
  dependencies:
    "@mapbox/sphericalmercator" "~1.1.0"

"@mapbox/sphericalmercator@~1.1.0":
  version "1.1.0"
  resolved "https://registry.yarnpkg.com/@mapbox/sphericalmercator/-/sphericalmercator-1.1.0.tgz#f3b1af042620716a1289fc41e1e97f610823aefe"
  integrity sha512-pEsfZyG4OMThlfFQbCte4gegvHUjxXCjz0KZ4Xk8NdOYTQBLflj6U8PL05RPAiuRAMAQNUUKJuL6qYZ5Y4kAWA==

"@mapbox/tiny-sdf@^1.1.0":
  version "1.2.5"
  resolved "https://registry.yarnpkg.com/@mapbox/tiny-sdf/-/tiny-sdf-1.2.5.tgz#424c620a96442b20402552be70a7f62a8407cc59"
  integrity sha512-cD8A/zJlm6fdJOk6DqPUV8mcpyJkRz2x2R+/fYcWDYG3oWbG7/L7Yl/WqQ1VZCjnL9OTIMAn6c+BC5Eru4sQEw==

"@math.gl/core@3.5.6", "@math.gl/core@^3.5.0":
  version "3.5.6"
  resolved "https://registry.yarnpkg.com/@math.gl/core/-/core-3.5.6.tgz#d849db978d7d4a4984bb63868adc693975d97ce7"
  integrity sha512-UGCKtJUBA9MBswclK6l8DuZqLcEnqlSfI57WzSDUB/Nki4tHfmdImJyhp8ky9W4cIahV1YLMhHRK1oRpLeC1sw==
  dependencies:
    "@babel/runtime" "^7.12.0"
    gl-matrix "~3.3.0"

"@math.gl/polygon@^3.5.4":
  version "3.5.6"
  resolved "https://registry.yarnpkg.com/@math.gl/polygon/-/polygon-3.5.6.tgz#af33fa8a60c89176ff178f322d3005d1cea2311f"
  integrity sha512-CUGPmD8Y9elPRsb4+wG0nuElbEYcTK+Azks96M9zleMaOACUDqUY6D4rDtqpyEIeqcun85Aq+7eV/rjVMahWgA==
  dependencies:
    "@math.gl/core" "3.5.6"

"@math.gl/web-mercator@^3.2.1", "@math.gl/web-mercator@^3.5.4":
  version "3.5.6"
  resolved "https://registry.yarnpkg.com/@math.gl/web-mercator/-/web-mercator-3.5.6.tgz#3bdc62f578bc0f360bb3c2866d015065b869cc20"
  integrity sha512-siWHLJGp9o8fDEM1t0Rby+JXftl6il0z3927liWGzkHqFftXPHY858ShPy45ThDU8q5lyCftg8aVgrv4nfD+Zw==
  dependencies:
    "@babel/runtime" "^7.12.0"
    gl-matrix "~3.3.0"

"@probe.gl/stats@3.4.1", "@probe.gl/stats@^3.4.0":
  version "3.4.1"
  resolved "https://registry.yarnpkg.com/@probe.gl/stats/-/stats-3.4.1.tgz#5bc0ec5f87ae3195c22a98363e9c15031fbfe8e8"
  integrity sha512-1Ol5cH8MQqIrGNgU4NCBj2cw1qiXYfHP1QCFX+u/xyrvgwLkPrOGkdSYMzw4VKTjJzNae4i7urOTf2m2hduZzQ==
  dependencies:
    "@babel/runtime" "^7.0.0"

"@types/d3-array@^3.0.1":
  version "3.0.2"
  resolved "https://registry.yarnpkg.com/@types/d3-array/-/d3-array-3.0.2.tgz#71c35bca8366a40d1b8fce9279afa4a77fb0065d"
  integrity sha512-5mjGjz6XOXKOCdTajXTZ/pMsg236RdiwKPrRPWAEf/2S/+PzwY+LLYShUpeysWaMvsdS7LArh6GdUefoxpchsQ==

"@types/d3-collection@^1.0.10":
  version "1.0.10"
  resolved "https://registry.yarnpkg.com/@types/d3-collection/-/d3-collection-1.0.10.tgz#bca161e336156968f267c077f7f2bfa8ff224e58"
  integrity sha512-54Fdv8u5JbuXymtmXm2SYzi1x/Svt+jfWBU5junkhrCewL92VjqtCBDn97coBRVwVFmYNnVTNDyV8gQyPYfm+A==

"@types/d3-color@^1", "@types/d3-color@^1.2.1":
  version "1.4.2"
  resolved "https://registry.yarnpkg.com/@types/d3-color/-/d3-color-1.4.2.tgz#944f281d04a0f06e134ea96adbb68303515b2784"
  integrity sha512-fYtiVLBYy7VQX+Kx7wU/uOIkGQn8aAEY8oWMoyja3N4dLd8Yf6XgSIR/4yWvMuveNOH5VShnqCgRqqh/UNanBA==

"@types/d3-ease@^1.0.7":
  version "1.0.10"
  resolved "https://registry.yarnpkg.com/@types/d3-ease/-/d3-ease-1.0.10.tgz#09910e8558439b6038a7ed620650e510394ffa6d"
  integrity sha512-fMFTCzd8DOwruE9zlu2O8ci5ct+U5jkGcDS+cH+HCidnJlDs0MZ+TuSVCFtEzh4E5MasItwy+HvgoFtxPHa5Cw==

"@types/d3-format@^1.3.0":
  version "1.4.2"
  resolved "https://registry.yarnpkg.com/@types/d3-format/-/d3-format-1.4.2.tgz#ea17bf559b71d9afd569ae9bfe4c544dab863baa"
  integrity sha512-WeGCHAs7PHdZYq6lwl/+jsl+Nfc1J2W1kNcMeIMYzQsT6mtBDBgtJ/rcdjZ0k0rVIvqEZqhhuD5TK/v3P2gFHQ==

"@types/d3-geo@^3.0.2":
  version "3.0.2"
  resolved "https://registry.yarnpkg.com/@types/d3-geo/-/d3-geo-3.0.2.tgz#e7ec5f484c159b2c404c42d260e6d99d99f45d9a"
  integrity sha512-DbqK7MLYA8LpyHQfv6Klz0426bQEf7bRTvhMy44sNGVyZoWn//B0c+Qbeg8Osi2Obdc9BLLXYAKpyWege2/7LQ==
  dependencies:
    "@types/geojson" "*"

"@types/d3-interpolate@^1.3.1":
  version "1.4.2"
  resolved "https://registry.yarnpkg.com/@types/d3-interpolate/-/d3-interpolate-1.4.2.tgz#88902a205f682773a517612299a44699285eed7b"
  integrity sha512-ylycts6llFf8yAEs1tXzx2loxxzDZHseuhPokrqKprTQSTcD3JbJI1omZP1rphsELZO3Q+of3ff0ZS7+O6yVzg==
  dependencies:
    "@types/d3-color" "^1"

"@types/d3-scale-chromatic@^1.3.1":
  version "1.5.1"
  resolved "https://registry.yarnpkg.com/@types/d3-scale-chromatic/-/d3-scale-chromatic-1.5.1.tgz#e2b7c3401e5c13809f831911eb820e444f4fc67a"
  integrity sha512-7FtJYrmXTEWLykShjYhoGuDNR/Bda0+tstZMkFj4RRxUEryv16AGh3be21tqg84B6KfEwiZyEpBcTyPyU+GWjg==

"@types/d3-scale@^4.0.1":
  version "4.0.2"
  resolved "https://registry.yarnpkg.com/@types/d3-scale/-/d3-scale-4.0.2.tgz#41be241126af4630524ead9cb1008ab2f0f26e69"
  integrity sha512-Yk4htunhPAwN0XGlIwArRomOjdoBFXC3+kCxK2Ubg7I9shQlVSJy/pG/Ht5ASN+gdMIalpk8TJ5xV74jFsetLA==
  dependencies:
    "@types/d3-time" "*"

"@types/d3-time-format@^4.0.0":
  version "4.0.0"
  resolved "https://registry.yarnpkg.com/@types/d3-time-format/-/d3-time-format-4.0.0.tgz#ee7b6e798f8deb2d9640675f8811d0253aaa1946"
  integrity sha512-yjfBUe6DJBsDin2BMIulhSHmr5qNR5Pxs17+oW4DoVPyVIXZ+m6bs7j1UVKP08Emv6jRmYrYqxYzO63mQxy1rw==

"@types/d3-time@*":
  version "3.0.0"
  resolved "https://registry.yarnpkg.com/@types/d3-time/-/d3-time-3.0.0.tgz#e1ac0f3e9e195135361fa1a1d62f795d87e6e819"
  integrity sha512-sZLCdHvBUcNby1cB6Fd3ZBrABbjz3v1Vm90nysCQ6Vt7vd6e/h9Lt7SiJUoEX0l4Dzc7P5llKyhqSi1ycSf1Hg==

"@types/d3-time@^1.0.10":
  version "1.1.1"
  resolved "https://registry.yarnpkg.com/@types/d3-time/-/d3-time-1.1.1.tgz#6cf3a4242c3bbac00440dfb8ba7884f16bedfcbf"
  integrity sha512-ULX7LoqXTCYtM+tLYOaeAJK7IwCT+4Gxlm2MaH0ErKLi07R5lh8NHCAyWcDkCCmx1AfRcBEV6H9QE9R25uP7jw==

"@types/flatbuffers@^1.10.0":
  version "1.10.0"
  resolved "https://registry.yarnpkg.com/@types/flatbuffers/-/flatbuffers-1.10.0.tgz#aa74e30ffdc86445f2f060e1808fc9d56b5603ba"
  integrity sha512-7btbphLrKvo5yl/5CC2OCxUSMx1wV1wvGT1qDXkSt7yi00/YW7E8k6qzXqJHsp+WU0eoG7r6MTQQXI9lIvd0qA==

"@types/geojson@*", "@types/geojson@^7946.0.7":
  version "7946.0.8"
  resolved "https://registry.yarnpkg.com/@types/geojson/-/geojson-7946.0.8.tgz#30744afdb385e2945e22f3b033f897f76b1f12ca"
  integrity sha512-1rkryxURpr6aWP7R786/UQOkJ3PcpQiWkAXBmdWc7ryFWqN6a4xfK7BtjXvFBKO9LjQ+MWQSWxYeZX1OApnArA==

"@types/kdbush@^3.0.0":
  version "3.0.0"
  resolved "https://registry.yarnpkg.com/@types/kdbush/-/kdbush-3.0.0.tgz#ba9a14305ebb9fc5770dc5731f272bd9fa67fb18"
  integrity sha512-G7c8tWLneqgHLXqm1DKj6D7+kPPTSd9cRa5LKVgt61/kYY3enSDiS3V/yeJ8VHA4fW1bzRxfnXUYTOszolv0OA==

"@types/lodash.debounce@^4.0.4":
  version "4.0.6"
  resolved "https://registry.yarnpkg.com/@types/lodash.debounce/-/lodash.debounce-4.0.6.tgz#c5a2326cd3efc46566c47e4c0aa248dc0ee57d60"
  integrity sha512-4WTmnnhCfDvvuLMaF3KV4Qfki93KebocUF45msxhYyjMttZDQYzHkO639ohhk8+oco2cluAFL3t5+Jn4mleylQ==
  dependencies:
    "@types/lodash" "*"

"@types/lodash.throttle@^4.1.6":
  version "4.1.6"
  resolved "https://registry.yarnpkg.com/@types/lodash.throttle/-/lodash.throttle-4.1.6.tgz#f5ba2c22244ee42ff6c2c49e614401a870c1009c"
  integrity sha512-/UIH96i/sIRYGC60NoY72jGkCJtFN5KVPhEMMMTjol65effe1gPn0tycJqV5tlSwMTzX8FqzB5yAj0rfGHTPNg==
  dependencies:
    "@types/lodash" "*"

"@types/lodash@*":
  version "4.14.177"
  resolved "https://registry.yarnpkg.com/@types/lodash/-/lodash-4.14.177.tgz#f70c0d19c30fab101cad46b52be60363c43c4578"
  integrity sha512-0fDwydE2clKe9MNfvXHBHF9WEahRuj+msTuQqOmAApNORFvhMYZKNGGJdCzuhheVjMps/ti0Ak/iJPACMaevvw==

"@types/mapbox__geo-viewport@^0.4.1":
  version "0.4.1"
  resolved "https://registry.yarnpkg.com/@types/mapbox__geo-viewport/-/mapbox__geo-viewport-0.4.1.tgz#77cc476c40fcbc168dceb0e0f85cb486402191a9"
  integrity sha512-aW7Orm58KsT9KmpZb1sqM2l/KufsS1IUsL1RCplVLfUIbpTk3PYkpOat3CN7jA8KcO1w1TuNFapn0g+/rASWzQ==

"@types/node@^14.14.37":
  version "14.17.34"
  resolved "https://registry.yarnpkg.com/@types/node/-/node-14.17.34.tgz#fe4b38b3f07617c0fa31ae923fca9249641038f0"
  integrity sha512-USUftMYpmuMzeWobskoPfzDi+vkpe0dvcOBRNOscFrGxVp4jomnRxWuVohgqBow2xyIPC0S3gjxV/5079jhmDg==

"@types/seedrandom@^3.0.1":
  version "3.0.1"
  resolved "https://registry.yarnpkg.com/@types/seedrandom/-/seedrandom-3.0.1.tgz#1254750a4fec4aff2ebec088ccd0bb02e91fedb4"
  integrity sha512-giB9gzDeiCeloIXDgzFBCgjj1k4WxcDrZtGl6h1IqmUPlxF+Nx8Ve+96QCyDZ/HseB/uvDsKbpib9hU5cU53pw==

"@types/text-encoding-utf-8@^1.0.1":
  version "1.0.2"
  resolved "https://registry.yarnpkg.com/@types/text-encoding-utf-8/-/text-encoding-utf-8-1.0.2.tgz#896e94ce99b653e886a9b925e9dc12c92af7b1ae"
  integrity sha512-AQ6zewa0ucLJvtUi5HsErbOFKAcQfRLt9zFLlUOvcXBy2G36a+ZDpCHSGdzJVUD8aNURtIjh9aSjCStNMRCcRQ==

ansi-styles@^3.2.1:
  version "3.2.1"
  resolved "https://registry.yarnpkg.com/ansi-styles/-/ansi-styles-3.2.1.tgz#41fbb20243e50b12be0f04b8dedbf07520ce841d"
  integrity sha512-VT0ZI6kZRdTh8YyJw3SMbYm/u+NqfsAxEpWO0Pf9sq8/e94WxxOpPKx9FR1FlyCtOVDNOQ+8ntlqFxiRc+r5qA==
  dependencies:
    color-convert "^1.9.0"

apache-arrow@^4.0.0:
  version "4.0.1"
  resolved "https://registry.yarnpkg.com/apache-arrow/-/apache-arrow-4.0.1.tgz#62e58caa46a6a41966478a19c492380c9efb1d66"
  integrity sha512-DyF7GXCbSjsw4P5C8b+qW7OnJKa6w9mJI0mhV0+EfZbVZCmhfiF6ffqcnrI/kzBrRqn9hH/Ft9n5+m4DTbBJpg==
  dependencies:
    "@types/flatbuffers" "^1.10.0"
    "@types/node" "^14.14.37"
    "@types/text-encoding-utf-8" "^1.0.1"
    command-line-args "5.1.1"
    command-line-usage "6.1.1"
    flatbuffers "1.12.0"
    json-bignum "^0.0.3"
    pad-left "^2.1.0"
    text-encoding-utf-8 "^1.0.2"
    tslib "^2.2.0"

array-back@^3.0.1:
  version "3.1.0"
  resolved "https://registry.yarnpkg.com/array-back/-/array-back-3.1.0.tgz#b8859d7a508871c9a7b2cf42f99428f65e96bfb0"
  integrity sha512-TkuxA4UCOvxuDK6NZYXCalszEzj+TLszyASooky+i742l9TqsOdYCMJJupxRic61hwquNtppB3hgcuq9SVSH1Q==

array-back@^4.0.1:
  version "4.0.2"
  resolved "https://registry.yarnpkg.com/array-back/-/array-back-4.0.2.tgz#8004e999a6274586beeb27342168652fdb89fa1e"
  integrity sha512-NbdMezxqf94cnNfWLL7V/im0Ub+Anbb0IoZhvzie8+4HJ4nMQuzHuy49FkGYCJK2yAloZ3meiB6AVMClbrI1vg==

chalk@^2.4.2:
  version "2.4.2"
  resolved "https://registry.yarnpkg.com/chalk/-/chalk-2.4.2.tgz#cd42541677a54333cf541a49108c1432b44c9424"
  integrity sha512-Mti+f9lpJNcwF4tWV8/OrTTtF1gZi+f8FqlyAdouralcFWFQWF2+NgCHShjkCb+IFBLq9buZwE1xckQU4peSuQ==
  dependencies:
    ansi-styles "^3.2.1"
    escape-string-regexp "^1.0.5"
    supports-color "^5.3.0"

color-convert@^1.9.0:
  version "1.9.3"
  resolved "https://registry.yarnpkg.com/color-convert/-/color-convert-1.9.3.tgz#bb71850690e1f136567de629d2d5471deda4c1e8"
  integrity sha512-QfAUtd+vFdAtFQcC8CCyYt1fYWxSqAiK2cSD6zDB8N3cpsEBAvRxp9zOGg6G/SHHJYAT88/az/IuDGALsNVbGg==
  dependencies:
    color-name "1.1.3"

color-name@1.1.3:
  version "1.1.3"
  resolved "https://registry.yarnpkg.com/color-name/-/color-name-1.1.3.tgz#a7d0558bd89c42f795dd42328f740831ca53bc25"
  integrity sha1-p9BVi9icQveV3UIyj3QIMcpTvCU=

command-line-args@5.1.1:
  version "5.1.1"
  resolved "https://registry.yarnpkg.com/command-line-args/-/command-line-args-5.1.1.tgz#88e793e5bb3ceb30754a86863f0401ac92fd369a"
  integrity sha512-hL/eG8lrll1Qy1ezvkant+trihbGnaKaeEjj6Scyr3DN+RC7iQ5Rz84IeLERfAWDGo0HBSNAakczwgCilDXnWg==
  dependencies:
    array-back "^3.0.1"
    find-replace "^3.0.0"
    lodash.camelcase "^4.3.0"
    typical "^4.0.0"

command-line-usage@6.1.1:
  version "6.1.1"
  resolved "https://registry.yarnpkg.com/command-line-usage/-/command-line-usage-6.1.1.tgz#c908e28686108917758a49f45efb4f02f76bc03f"
  integrity sha512-F59pEuAR9o1SF/bD0dQBDluhpT4jJQNWUHEuVBqpDmCUo6gPjCi+m9fCWnWZVR/oG6cMTUms4h+3NPl74wGXvA==
  dependencies:
    array-back "^4.0.1"
    chalk "^2.4.2"
    table-layout "^1.0.1"
    typical "^5.2.0"

commander@2:
  version "2.20.3"
  resolved "https://registry.yarnpkg.com/commander/-/commander-2.20.3.tgz#fd485e84c03eb4881c20722ba48035e8531aeb33"
  integrity sha512-GpVkmM8vF2vQUkj2LvZmD35JxeJOLCwJ9cUkugyk2nuhbv3+mJvpLYYt+0+USMxE+oj+ey/lJEnhZw75x/OMcQ==

d3-array@2:
  version "2.12.1"
  resolved "https://registry.yarnpkg.com/d3-array/-/d3-array-2.12.1.tgz#e20b41aafcdffdf5d50928004ececf815a465e81"
  integrity sha512-B0ErZK/66mHtEsR1TkPEEkwdy+WDesimkM5gpZr5Dsg54BiTA5RXtYW5qTLIAcekaS9xfZrzBLF/OAkB3Qn1YQ==
  dependencies:
    internmap "^1.0.0"

"d3-array@2 - 3", "d3-array@2.10.0 - 3", "d3-array@2.5.0 - 3", d3-array@^3.0.2:
  version "3.1.1"
  resolved "https://registry.yarnpkg.com/d3-array/-/d3-array-3.1.1.tgz#7797eb53ead6b9083c75a45a681e93fc41bc468c"
  integrity sha512-33qQ+ZoZlli19IFiQx4QEpf2CBEayMRzhlisJHSCsSUbDXv6ZishqS1x7uFVClKG4Wr7rZVHvaAttoLow6GqdQ==
  dependencies:
    internmap "1 - 2"

d3-collection@^1.0.7:
  version "1.0.7"
  resolved "https://registry.yarnpkg.com/d3-collection/-/d3-collection-1.0.7.tgz#349bd2aa9977db071091c13144d5e4f16b5b310e"
  integrity sha512-ii0/r5f4sjKNTfh84Di+DpztYwqKhEyUlKoPrzUFfeSkWxjW49xU2QzO9qrPrNkpdI0XJkfzvmTu8V2Zylln6A==

"d3-color@1 - 2", d3-color@^2.0.0:
  version "2.0.0"
  resolved "https://registry.yarnpkg.com/d3-color/-/d3-color-2.0.0.tgz#8d625cab42ed9b8f601a1760a389f7ea9189d62e"
  integrity sha512-SPXi0TSKPD4g9tw0NMZFnR95XVgUZiBH+uUTqQuDu1OsE2zomHU7ho0FISciaPvosimixwHFl3WHLGabv6dDgQ==

"d3-color@1 - 3":
  version "3.0.1"
  resolved "https://registry.yarnpkg.com/d3-color/-/d3-color-3.0.1.tgz#03316e595955d1fcd39d9f3610ad41bb90194d0a"
  integrity sha512-6/SlHkDOBLyQSJ1j1Ghs82OIUXpKWlR0hCsw0XrLSQhuUPuCSmLQ1QPH98vpnQxMUQM2/gfAkUEWsupVpd9JGw==

d3-dsv@^1.2.0:
  version "1.2.0"
  resolved "https://registry.yarnpkg.com/d3-dsv/-/d3-dsv-1.2.0.tgz#9d5f75c3a5f8abd611f74d3f5847b0d4338b885c"
  integrity sha512-9yVlqvZcSOMhCYzniHE7EVUws7Fa1zgw+/EAV2BxJoG3ME19V6BQFBwI855XQDsxyOuG7NibqRMTtiF/Qup46g==
  dependencies:
    commander "2"
    iconv-lite "0.4"
    rw "1"

d3-ease@^2.0.0:
  version "2.0.0"
  resolved "https://registry.yarnpkg.com/d3-ease/-/d3-ease-2.0.0.tgz#fd1762bfca00dae4bacea504b1d628ff290ac563"
  integrity sha512-68/n9JWarxXkOWMshcT5IcjbB+agblQUaIsbnXmrzejn2O82n3p2A9R2zEB9HIEFWKFwPAEDDN8gR0VdSAyyAQ==

"d3-format@1 - 3":
  version "3.0.1"
  resolved "https://registry.yarnpkg.com/d3-format/-/d3-format-3.0.1.tgz#e41b81b2ab79277141ec1404aa5d05001da64084"
  integrity sha512-hdL7+HBIohpgfolhBxr1KX47VMD6+vVD/oEFrxk5yhmzV2prk99EkFKYpXuhVkFpTgHdJ6/4bYcjdLPPXV4tIA==

d3-format@^2.0.0:
  version "2.0.0"
  resolved "https://registry.yarnpkg.com/d3-format/-/d3-format-2.0.0.tgz#a10bcc0f986c372b729ba447382413aabf5b0767"
  integrity sha512-Ab3S6XuE/Q+flY96HXT0jOXcM4EAClYFnRGY5zsjRGNy6qCYrQsMffs7cV5Q9xejb35zxW5hf/guKw34kvIKsA==

d3-geo@^3.0.1:
  version "3.0.1"
  resolved "https://registry.yarnpkg.com/d3-geo/-/d3-geo-3.0.1.tgz#4f92362fd8685d93e3b1fae0fd97dc8980b1ed7e"
  integrity sha512-Wt23xBych5tSy9IYAM1FR2rWIBFWa52B/oF/GYe5zbdHrg08FU8+BuI6X4PvTwPDdqdAdq04fuWJpELtsaEjeA==
  dependencies:
    d3-array "2.5.0 - 3"

"d3-interpolate@1 - 3", "d3-interpolate@1.2.0 - 3":
  version "3.0.1"
  resolved "https://registry.yarnpkg.com/d3-interpolate/-/d3-interpolate-3.0.1.tgz#3c47aa5b32c5b3dfb56ef3fd4342078a632b400d"
  integrity sha512-3bYs1rOD33uo8aqJfKP3JWPAibgw8Zm2+L9vBKEHJ2Rg+viTR7o5Mmv5mZcieN+FRYaAOWX5SJATX6k1PWz72g==
  dependencies:
    d3-color "1 - 3"

d3-interpolate@^2.0.1:
  version "2.0.1"
  resolved "https://registry.yarnpkg.com/d3-interpolate/-/d3-interpolate-2.0.1.tgz#98be499cfb8a3b94d4ff616900501a64abc91163"
  integrity sha512-c5UhwwTs/yybcmTpAVqwSFl6vrQ8JZJoT5F7xNFK9pymv5C0Ymcc9/LIJHtYIggg/yS9YHw8i8O8tgb9pupjeQ==
  dependencies:
    d3-color "1 - 2"

d3-scale-chromatic@^3.0.0:
  version "3.0.0"
  resolved "https://registry.yarnpkg.com/d3-scale-chromatic/-/d3-scale-chromatic-3.0.0.tgz#15b4ceb8ca2bb0dcb6d1a641ee03d59c3b62376a"
  integrity sha512-Lx9thtxAKrO2Pq6OO2Ua474opeziKr279P/TKZsMAhYyNDD3EnCffdbgeSYN5O7m2ByQsxtuP2CSDczNUIZ22g==
  dependencies:
    d3-color "1 - 3"
    d3-interpolate "1 - 3"

d3-scale@^4.0.0:
  version "4.0.2"
  resolved "https://registry.yarnpkg.com/d3-scale/-/d3-scale-4.0.2.tgz#82b38e8e8ff7080764f8dcec77bd4be393689396"
  integrity sha512-GZW464g1SH7ag3Y7hXjf8RoUuAFIqklOAq3MRl4OaWabTFJY9PN/E1YklhXLh+OQ3fM9yS2nOkCoS+WLZ6kvxQ==
  dependencies:
    d3-array "2.10.0 - 3"
    d3-format "1 - 3"
    d3-interpolate "1.2.0 - 3"
    d3-time "2.1.1 - 3"
    d3-time-format "2 - 4"

"d3-time-format@2 - 4":
  version "4.0.0"
  resolved "https://registry.yarnpkg.com/d3-time-format/-/d3-time-format-4.0.0.tgz#930ded86a9de761702344760d8a25753467f28b7"
  integrity sha512-nzaCwlj+ZVBIlFuVOT1RmU+6xb/7D5IcnhHzHQcBgS/aTa5K9fWZNN5LCXA27LgF5WxoSNJqKBbLcGMtM6Ca6A==
  dependencies:
    d3-time "1 - 3"

d3-time-format@^3.0.0:
  version "3.0.0"
  resolved "https://registry.yarnpkg.com/d3-time-format/-/d3-time-format-3.0.0.tgz#df8056c83659e01f20ac5da5fdeae7c08d5f1bb6"
  integrity sha512-UXJh6EKsHBTjopVqZBhFysQcoXSv/5yLONZvkQ5Kk3qbwiUYkdX17Xa1PT6U1ZWXGGfB1ey5L8dKMlFq2DO0Ag==
  dependencies:
    d3-time "1 - 2"

"d3-time@1 - 2", d3-time@^2.0.0:
  version "2.1.1"
  resolved "https://registry.yarnpkg.com/d3-time/-/d3-time-2.1.1.tgz#e9d8a8a88691f4548e68ca085e5ff956724a6682"
  integrity sha512-/eIQe/eR4kCQwq7yxi7z4c6qEXf2IYGcjoWB5OOQy4Tq9Uv39/947qlDcN2TLkiTzQWzvnsuYPB9TrWaNfipKQ==
  dependencies:
    d3-array "2"

"d3-time@1 - 3", "d3-time@2.1.1 - 3":
  version "3.0.0"
  resolved "https://registry.yarnpkg.com/d3-time/-/d3-time-3.0.0.tgz#65972cb98ae2d4954ef5c932e8704061335d4975"
  integrity sha512-zmV3lRnlaLI08y9IMRXSDshQb5Nj77smnfpnd2LrBa/2K281Jijactokeak14QacHs/kKq0AQ121nidNYlarbQ==
  dependencies:
    d3-array "2 - 3"

deep-extend@~0.6.0:
  version "0.6.0"
  resolved "https://registry.yarnpkg.com/deep-extend/-/deep-extend-0.6.0.tgz#c4fa7c95404a17a9c3e8ca7e1537312b736330ac"
  integrity sha512-LOHxIOaPYdHlJRtCQfDIVZtfw/ufM8+rVj649RIHzcm/vGwQRXFt6OPqIFWsm2XEMrNIEtWR64sY1LEKD2vAOA==

draco3d@1.4.1:
  version "1.4.1"
  resolved "https://registry.yarnpkg.com/draco3d/-/draco3d-1.4.1.tgz#2abdcf7b59caaac50f7e189aec454176c57146b2"
  integrity sha512-9Rxonc70xiovBC+Bq1h57SNZIHzWTibU1VfIGp5z3Xx8dPtv4yT5uGhiH7P5uvJRR2jkrvHafRxR7bTANkvfpg==

earcut@^2.0.6:
  version "2.2.3"
  resolved "https://registry.yarnpkg.com/earcut/-/earcut-2.2.3.tgz#d44ced2ff5a18859568e327dd9c7d46b16f55cf4"
  integrity sha512-iRDI1QeCQIhMCZk48DRDMVgQSSBDmbzzNhnxIo+pwx3swkfjMh6vh0nWLq1NdvGHLKH6wIrAM3vQWeTj6qeoug==

escape-string-regexp@^1.0.5:
  version "1.0.5"
  resolved "https://registry.yarnpkg.com/escape-string-regexp/-/escape-string-regexp-1.0.5.tgz#1b61c0562190a8dff6ae3bb2cf0200ca130b86d4"
  integrity sha1-G2HAViGQqN/2rjuyzwIAyhMLhtQ=

find-replace@^3.0.0:
  version "3.0.0"
  resolved "https://registry.yarnpkg.com/find-replace/-/find-replace-3.0.0.tgz#3e7e23d3b05167a76f770c9fbd5258b0def68c38"
  integrity sha512-6Tb2myMioCAgv5kfvP5/PkZZ/ntTpVK39fHY7WkWBgvbeE+VHd/tZuZ4mrC+bxh4cfOZeYKVPaJIZtZXV7GNCQ==
  dependencies:
    array-back "^3.0.1"

flatbuffers@1.12.0:
  version "1.12.0"
  resolved "https://registry.yarnpkg.com/flatbuffers/-/flatbuffers-1.12.0.tgz#72e87d1726cb1b216e839ef02658aa87dcef68aa"
  integrity sha512-c7CZADjRcl6j0PlvFy0ZqXQ67qSEZfrVPynmnL+2zPc+NtMvrF8Y0QceMo7QqnSPc7+uWjUIAbvCQ5WIKlMVdQ==

gl-matrix@^3.0.0:
  version "3.4.3"
  resolved "https://registry.yarnpkg.com/gl-matrix/-/gl-matrix-3.4.3.tgz#fc1191e8320009fd4d20e9339595c6041ddc22c9"
  integrity sha512-wcCp8vu8FT22BnvKVPjXa/ICBWRq/zjFfdofZy1WSpQZpphblv12/bOQLBC1rMM7SGOFS9ltVmKOHil5+Ml7gA==

gl-matrix@~3.3.0:
  version "3.3.0"
  resolved "https://registry.yarnpkg.com/gl-matrix/-/gl-matrix-3.3.0.tgz#232eef60b1c8b30a28cbbe75b2caf6c48fd6358b"
  integrity sha512-COb7LDz+SXaHtl/h4LeaFcNdJdAQSDeVqjiIihSXNrkWObZLhDI4hIkZC11Aeqp7bcE72clzB0BnDXr2SmslRA==

hammerjs@^2.0.8:
  version "2.0.8"
  resolved "https://registry.yarnpkg.com/hammerjs/-/hammerjs-2.0.8.tgz#04ef77862cff2bb79d30f7692095930222bf60f1"
  integrity sha1-BO93hiz/K7edMPdpIJWTAiK/YPE=

has-flag@^3.0.0:
  version "3.0.0"
  resolved "https://registry.yarnpkg.com/has-flag/-/has-flag-3.0.0.tgz#b5d454dc2199ae225699f3467e5a07f3b955bafd"
  integrity sha1-tdRU3CGZriJWmfNGfloH87lVuv0=

iconv-lite@0.4:
  version "0.4.24"
  resolved "https://registry.yarnpkg.com/iconv-lite/-/iconv-lite-0.4.24.tgz#2022b4b25fbddc21d2f524974a474aafe733908b"
  integrity sha512-v3MXnZAcvnywkTUEZomIActle7RXXeedOR31wwl7VlyoXO4Qi9arvSenNQWne1TcRwhCL1HwLI21bEqdpj8/rA==
  dependencies:
    safer-buffer ">= 2.1.2 < 3"

"internmap@1 - 2":
  version "2.0.3"
  resolved "https://registry.yarnpkg.com/internmap/-/internmap-2.0.3.tgz#6685f23755e43c524e251d29cbc97248e3061009"
  integrity sha512-5Hh7Y1wQbvY5ooGgPbDaL5iYLAPzMTUrjMulskHLH6wnv/A+1q5rgEaiuqEjB+oxGXIVZs1FF+R/KPN3ZSQYYg==

internmap@^1.0.0:
  version "1.0.1"
  resolved "https://registry.yarnpkg.com/internmap/-/internmap-1.0.1.tgz#0017cc8a3b99605f0302f2b198d272e015e5df95"
  integrity sha512-lDB5YccMydFBtasVtxnZ3MRBHuaoE8GKsppq+EchKL2U4nK/DmEpPHNH8MZe5HkMtpSiTSOZwfN0tzYjO/lJEw==

"js-tokens@^3.0.0 || ^4.0.0":
  version "4.0.0"
  resolved "https://registry.yarnpkg.com/js-tokens/-/js-tokens-4.0.0.tgz#19203fb59991df98e3a287050d4647cdeaf32499"
  integrity sha512-RdJUflcE3cUzKiMqQgsCu06FPu9UdIJO0beYbPhHN4k6apgJtifcoCtT9bcxOpYBtpD2kCM6Sbzg4CausW/PKQ==

json-bignum@^0.0.3:
  version "0.0.3"
  resolved "https://registry.yarnpkg.com/json-bignum/-/json-bignum-0.0.3.tgz#41163b50436c773d82424dbc20ed70db7604b8d7"
  integrity sha1-QRY7UENsdz2CQk28IO1w23YEuNc=

kdbush@^3.0.0:
  version "3.0.0"
  resolved "https://registry.yarnpkg.com/kdbush/-/kdbush-3.0.0.tgz#f8484794d47004cc2d85ed3a79353dbe0abc2bf0"
  integrity sha512-hRkd6/XW4HTsA9vjVpY9tuXJYLSlelnkTmVFu4M9/7MIYQtFcHpbugAU7UbOfjOiVSVYl2fqgBuJ32JUmRo5Ew==

lodash.camelcase@^4.3.0:
  version "4.3.0"
  resolved "https://registry.yarnpkg.com/lodash.camelcase/-/lodash.camelcase-4.3.0.tgz#b28aa6288a2b9fc651035c7711f65ab6190331a6"
  integrity sha1-soqmKIorn8ZRA1x3EfZathkDMaY=

lodash.throttle@^4.1.1:
  version "4.1.1"
  resolved "https://registry.yarnpkg.com/lodash.throttle/-/lodash.throttle-4.1.1.tgz#c23e91b710242ac70c37f1e1cda9274cc39bf2f4"
  integrity sha1-wj6RtxAkKscMN/HhzaknTMOb8vQ=

loose-envify@^1.4.0:
  version "1.4.0"
  resolved "https://registry.yarnpkg.com/loose-envify/-/loose-envify-1.4.0.tgz#71ee51fa7be4caec1a63839f7e682d8132d30caf"
  integrity sha512-lyuxPGr/Wfhrlem2CL/UcnUc1zcqKAImBDzukY7Y5F/yQiNdko6+fRLevlw1HgMySw7f611UIY408EtxRSoK3Q==
  dependencies:
    js-tokens "^3.0.0 || ^4.0.0"

math.gl@^3.5.4:
  version "3.5.6"
  resolved "https://registry.yarnpkg.com/math.gl/-/math.gl-3.5.6.tgz#805ac7444f8e5b339e88989c0fbcb9870774e315"
  integrity sha512-+IzdFaQk46iYU85XObRNqnb5NUQon+rWDPnCoEIOKOKdykr2gJ15BcVjEs0ZvH4EDv5K/JVmLkWzY/6DCEx2Fw==
  dependencies:
    "@math.gl/core" "3.5.6"

mjolnir.js@^2.5.0:
  version "2.6.0"
  resolved "https://registry.yarnpkg.com/mjolnir.js/-/mjolnir.js-2.6.0.tgz#0a199f71434b5f183248e1a9bb06a3b4e5533ecb"
  integrity sha512-rGA7+BJKvXI0ypxQD/+rQE/sW26kmc8UIZWhmQrjhwCf/zvhbcBlsu2vPB6w0Kv/rVnVFEONTSQqC0vFEpQvIA==
  dependencies:
    "@babel/runtime" "^7.0.0"
    hammerjs "^2.0.8"

object-assign@^4.1.1:
  version "4.1.1"
  resolved "https://registry.yarnpkg.com/object-assign/-/object-assign-4.1.1.tgz#2109adc7965887cfc05cbbd442cac8bfbb360863"
  integrity sha1-IQmtx5ZYh8/AXLvUQsrIv7s2CGM=

pad-left@^2.1.0:
  version "2.1.0"
  resolved "https://registry.yarnpkg.com/pad-left/-/pad-left-2.1.0.tgz#16e6a3b2d44a8e138cb0838cc7cb403a4fc9e994"
  integrity sha1-FuajstRKjhOMsIOMx8tAOk/J6ZQ=
  dependencies:
    repeat-string "^1.5.4"

prettier@^2.5.0:
  version "2.5.0"
  resolved "https://registry.yarnpkg.com/prettier/-/prettier-2.5.0.tgz#a6370e2d4594e093270419d9cc47f7670488f893"
  integrity sha512-FM/zAKgWTxj40rH03VxzIPdXmj39SwSjwG0heUcNFwI+EMZJnY93yAiKXM3dObIKAM5TA88werc8T/EwhB45eg==

probe.gl@^3.4.0:
  version "3.4.1"
  resolved "https://registry.yarnpkg.com/probe.gl/-/probe.gl-3.4.1.tgz#88d8629fbac5a627049d6fdc6b8c364d56f00815"
  integrity sha512-k/6YoZr6cBwnFpQLs/s4yZ8cCxapQzRrxl16EQg1b2wYXLlerDJ4PkNoQ3YDN9yu3Jcipipr+Avy1GRpyBF6ZA==
  dependencies:
    "@babel/runtime" "^7.0.0"
    "@probe.gl/stats" "3.4.1"

prop-types@^15.6.0:
  version "15.7.2"
  resolved "https://registry.yarnpkg.com/prop-types/-/prop-types-15.7.2.tgz#52c41e75b8c87e72b9d9360e0206b99dcbffa6c5"
  integrity sha512-8QQikdH7//R2vurIJSutZ1smHYTcLpRWEOlHnzcWHmBYrOGUysKwSsrC89BCiFj3CbrfJ/nXFdJepOVrY1GCHQ==
  dependencies:
    loose-envify "^1.4.0"
    object-assign "^4.1.1"
    react-is "^16.8.1"

react-is@^16.8.1:
  version "16.13.1"
  resolved "https://registry.yarnpkg.com/react-is/-/react-is-16.13.1.tgz#789729a4dc36de2999dc156dd6c1d9c18cea56a4"
  integrity sha512-24e6ynE2H+OKt4kqsOvNd8kBpV65zoxbA4BVsEOB3ARVWQki/DHzaUoC5KuON/BiccDaCCTZBuOcfZs70kR8bQ==

reduce-flatten@^2.0.0:
  version "2.0.0"
  resolved "https://registry.yarnpkg.com/reduce-flatten/-/reduce-flatten-2.0.0.tgz#734fd84e65f375d7ca4465c69798c25c9d10ae27"
  integrity sha512-EJ4UNY/U1t2P/2k6oqotuX2Cc3T6nxJwsM0N0asT7dhrtH1ltUxDn4NalSYmPE2rCkVpcf/X6R0wDwcFpzhd4w==

regenerator-runtime@^0.13.4:
  version "0.13.9"
  resolved "https://registry.yarnpkg.com/regenerator-runtime/-/regenerator-runtime-0.13.9.tgz#8925742a98ffd90814988d7566ad30ca3b263b52"
  integrity sha512-p3VT+cOEgxFsRRA9X4lkI1E+k2/CtnKtU4gcxyaCUreilL/vqI6CdZ3wxVUx3UOUg+gnUOQQcRI7BmSI656MYA==

repeat-string@^1.5.4:
  version "1.6.1"
  resolved "https://registry.yarnpkg.com/repeat-string/-/repeat-string-1.6.1.tgz#8dcae470e1c88abc2d600fff4a776286da75e637"
  integrity sha1-jcrkcOHIirwtYA//Sndihtp15jc=

reselect@^4.0.0:
  version "4.1.5"
  resolved "https://registry.yarnpkg.com/reselect/-/reselect-4.1.5.tgz#852c361247198da6756d07d9296c2b51eddb79f6"
  integrity sha512-uVdlz8J7OO+ASpBYoz1Zypgx0KasCY20H+N8JD13oUMtPvSHQuscrHop4KbXrbsBcdB9Ds7lVK7eRkBIfO43vQ==

rw@1:
  version "1.3.3"
  resolved "https://registry.yarnpkg.com/rw/-/rw-1.3.3.tgz#3f862dfa91ab766b14885ef4d01124bfda074fb4"
  integrity sha1-P4Yt+pGrdmsUiF700BEkv9oHT7Q=

"safer-buffer@>= 2.1.2 < 3":
  version "2.1.2"
  resolved "https://registry.yarnpkg.com/safer-buffer/-/safer-buffer-2.1.2.tgz#44fa161b0187b9549dd84bb91802f9bd8385cd6a"
  integrity sha512-YZo3K82SD7Riyi0E1EQPojLz7kpepnSQI9IyPbHHg1XXXevb5dJI7tpyN2ADxGcQbHG7vcyRHk0cbwqcQriUtg==

seedrandom@^3.0.5:
  version "3.0.5"
  resolved "https://registry.yarnpkg.com/seedrandom/-/seedrandom-3.0.5.tgz#54edc85c95222525b0c7a6f6b3543d8e0b3aa0a7"
  integrity sha512-8OwmbklUNzwezjGInmZ+2clQmExQPvomqjL7LFqOYqtmuxRgQYqOD3mHaU+MvZn5FLUeVxVfQjwLZW/n/JFuqg==

supports-color@^5.3.0:
  version "5.5.0"
  resolved "https://registry.yarnpkg.com/supports-color/-/supports-color-5.5.0.tgz#e2e69a44ac8772f78a1ec0b35b689df6530efc8f"
  integrity sha512-QjVjwdXIt408MIiAqCX4oUKsgU2EqAGzs2Ppkm4aQYbjm+ZEWEcW4SfFNTr4uMNZma0ey4f5lgLrkB0aX0QMow==
  dependencies:
    has-flag "^3.0.0"

table-layout@^1.0.1:
  version "1.0.2"
  resolved "https://registry.yarnpkg.com/table-layout/-/table-layout-1.0.2.tgz#c4038a1853b0136d63365a734b6931cf4fad4a04"
  integrity sha512-qd/R7n5rQTRFi+Zf2sk5XVVd9UQl6ZkduPFC3S7WEGJAmetDTjY3qPN50eSKzwuzEyQKy5TN2TiZdkIjos2L6A==
  dependencies:
    array-back "^4.0.1"
    deep-extend "~0.6.0"
    typical "^5.2.0"
    wordwrapjs "^4.0.0"

text-encoding-utf-8@^1.0.2:
  version "1.0.2"
  resolved "https://registry.yarnpkg.com/text-encoding-utf-8/-/text-encoding-utf-8-1.0.2.tgz#585b62197b0ae437e3c7b5d0af27ac1021e10d13"
  integrity sha512-8bw4MY9WjdsD2aMtO0OzOCY3pXGYNx2d2FfHRVUKkiCPDWjKuOlhLVASS+pD7VkLTVjW268LYJHwsnPFlBpbAg==

tslib@^2.2.0:
  version "2.3.1"
  resolved "https://registry.yarnpkg.com/tslib/-/tslib-2.3.1.tgz#e8a335add5ceae51aa261d32a490158ef042ef01"
  integrity sha512-77EbyPPpMz+FRFRuAFlWMtmgUWGe9UOG2Z25NqCwiIjRhOf5iKGuzSe5P2w1laq+FkRy4p+PCuVkJSGkzTEKVw==

typescript@^4.5.2:
  version "4.5.2"
  resolved "https://registry.yarnpkg.com/typescript/-/typescript-4.5.2.tgz#8ac1fba9f52256fdb06fb89e4122fa6a346c2998"
  integrity sha512-5BlMof9H1yGt0P8/WF+wPNw6GfctgGjXp5hkblpyT+8rkASSmkUKMXrxR0Xg8ThVCi/JnHQiKXeBaEwCeQwMFw==

typical@^4.0.0:
  version "4.0.0"
  resolved "https://registry.yarnpkg.com/typical/-/typical-4.0.0.tgz#cbeaff3b9d7ae1e2bbfaf5a4e6f11eccfde94fc4"
  integrity sha512-VAH4IvQ7BDFYglMd7BPRDfLgxZZX4O4TFcRDA6EN5X7erNJJq+McIEp8np9aVtxrCJ6qx4GTYVfOWNjcqwZgRw==

typical@^5.2.0:
  version "5.2.0"
  resolved "https://registry.yarnpkg.com/typical/-/typical-5.2.0.tgz#4daaac4f2b5315460804f0acf6cb69c52bb93066"
  integrity sha512-dvdQgNDNJo+8B2uBQoqdb11eUCE1JQXhvjC/CZtgvZseVd5TYMXnq0+vuUemXbd/Se29cTaUuPX3YIc2xgbvIg==

wordwrapjs@^4.0.0:
  version "4.0.1"
  resolved "https://registry.yarnpkg.com/wordwrapjs/-/wordwrapjs-4.0.1.tgz#d9790bccfb110a0fc7836b5ebce0937b37a8b98f"
  integrity sha512-kKlNACbvHrkpIw6oPeYDSmdCTu2hdMHoyXLTcUKala++lx5Y+wjJ/e474Jqv5abnVmwxw08DiTuHmw69lJGksA==
  dependencies:
    reduce-flatten "^2.0.0"
    typical "^5.2.0"

zustand@^3.5.10:
  version "3.6.5"
  resolved "https://registry.yarnpkg.com/zustand/-/zustand-3.6.5.tgz#42a459397907d6bf0e2375351394733b2f83ee44"
  integrity sha512-/WfLJuXiEJimt61KGMHebrFBwckkCHGhAgVXTgPQHl6IMzjqm6MREb1OnDSnCRiSmRdhgdFCctceg6tSm79hiw==
